
Microsoft Visual Studio Solution File, Format Version 12.00
# Visual Studio 15
VisualStudioVersion = 15.0.27130.2010
MinimumVisualStudioVersion = 10.0.40219.1
Project("{FAE04EC0-301F-11D3-BF4B-00C04F79EFBC}") = "SpätzleCrawler", "SpätzleCrawler/SpätzleCrawler.csproj", "{C7538102-B428-442F-8208-8B34BFF395EC}"
EndProject
Global
	GlobalSection(SolutionConfigurationPlatforms) = preSolution
		Debug|Any CPU = Debug|Any CPU
		Release|Any CPU = Release|Any CPU
	EndGlobalSection
	GlobalSection(ProjectConfigurationPlatforms) = postSolution
		{C7538102-B428-442F-8208-8B34BFF395EC}.Debug|Any CPU.ActiveCfg = Debug|Any CPU
		{C7538102-B428-442F-8208-8B34BFF395EC}.Debug|Any CPU.Build.0 = Debug|Any CPU
		{C7538102-B428-442F-8208-8B34BFF395EC}.Release|Any CPU.ActiveCfg = Release|Any CPU
		{C7538102-B428-442F-8208-8B34BFF395EC}.Release|Any CPU.Build.0 = Release|Any CPU
	EndGlobalSection
	GlobalSection(SolutionProperties) = preSolution
		HideSolutionNode = FALSE
	EndGlobalSection
	GlobalSection(ExtensibilityGlobals) = postSolution
		SolutionGuid = {EC5EBC54-3711-4833-BEA0-7525195C4747}
	EndGlobalSection
EndGlobal
